// !$*UTF8*$!
{
	archiveVersion = 1;
	classes = {
	};
	objectVersion = 55;
	objects = {

/* Begin PBXBuildFile section */
		356FAAC428F9797200A1EF64 /* AppDelegate.swift in Sources */ = {isa = PBXBuildFile; fileRef = 356FAAC328F9797200A1EF64 /* AppDelegate.swift */; };
		356FAAC628F9797200A1EF64 /* SceneDelegate.swift in Sources */ = {isa = PBXBuildFile; fileRef = 356FAAC528F9797200A1EF64 /* SceneDelegate.swift */; };
		356FAAC828F9797200A1EF64 /* ViewController.swift in Sources */ = {isa = PBXBuildFile; fileRef = 356FAAC728F9797200A1EF64 /* ViewController.swift */; };
		356FAACB28F9797200A1EF64 /* Main.storyboard in Resources */ = {isa = PBXBuildFile; fileRef = 356FAAC928F9797200A1EF64 /* Main.storyboard */; };
		356FAACD28F9797500A1EF64 /* Assets.xcassets in Resources */ = {isa = PBXBuildFile; fileRef = 356FAACC28F9797500A1EF64 /* Assets.xcassets */; };
		356FAAD028F9797500A1EF64 /* LaunchScreen.storyboard in Resources */ = {isa = PBXBuildFile; fileRef = 356FAACE28F9797500A1EF64 /* LaunchScreen.storyboard */; };
		356FAADB28F9797500A1EF64 /* remoteTests.swift in Sources */ = {isa = PBXBuildFile; fileRef = 356FAADA28F9797500A1EF64 /* remoteTests.swift */; };
		356FAAE528F9797500A1EF64 /* remoteUITests.swift in Sources */ = {isa = PBXBuildFile; fileRef = 356FAAE428F9797500A1EF64 /* remoteUITests.swift */; };
		356FAAE728F9797500A1EF64 /* remoteUITestsLaunchTests.swift in Sources */ = {isa = PBXBuildFile; fileRef = 356FAAE628F9797500A1EF64 /* remoteUITestsLaunchTests.swift */; };
/* End PBXBuildFile section */

/* Begin PBXContainerItemProxy section */
		356FAAD728F9797500A1EF64 /* PBXContainerItemProxy */ = {
			isa = PBXContainerItemProxy;
			containerPortal = 356FAAB828F9797200A1EF64 /* Project object */;
			proxyType = 1;
			remoteGlobalIDString = 356FAABF28F9797200A1EF64;
			remoteInfo = remote;
		};
		356FAAE128F9797500A1EF64 /* PBXContainerItemProxy */ = {
			isa = PBXContainerItemProxy;
			containerPortal = 356FAAB828F9797200A1EF64 /* Project object */;
			proxyType = 1;
			remoteGlobalIDString = 356FAABF28F9797200A1EF64;
			remoteInfo = remote;
		};
/* End PBXContainerItemProxy section */

/* Begin PBXFileReference section */
		356FAAC028F9797200A1EF64 /* remote.app */ = {isa = PBXFileReference; explicitFileType = wrapper.application; includeInIndex = 0; path = remote.app; sourceTree = BUILT_PRODUCTS_DIR; };
		356FAAC328F9797200A1EF64 /* AppDelegate.swift */ = {isa = PBXFileReference; lastKnownFileType = sourcecode.swift; path = AppDelegate.swift; sourceTree = "<group>"; };
		356FAAC528F9797200A1EF64 /* SceneDelegate.swift */ = {isa = PBXFileReference; lastKnownFileType = sourcecode.swift; path = SceneDelegate.swift; sourceTree = "<group>"; };
		356FAAC728F9797200A1EF64 /* ViewController.swift */ = {isa = PBXFileReference; lastKnownFileType = sourcecode.swift; path = ViewController.swift; sourceTree = "<group>"; };
		356FAACA28F9797200A1EF64 /* Base */ = {isa = PBXFileReference; lastKnownFileType = file.storyboard; name = Base; path = Base.lproj/Main.storyboard; sourceTree = "<group>"; };
		356FAACC28F9797500A1EF64 /* Assets.xcassets */ = {isa = PBXFileReference; lastKnownFileType = folder.assetcatalog; path = Assets.xcassets; sourceTree = "<group>"; };
		356FAACF28F9797500A1EF64 /* Base */ = {isa = PBXFileReference; lastKnownFileType = file.storyboard; name = Base; path = Base.lproj/LaunchScreen.storyboard; sourceTree = "<group>"; };
		356FAAD128F9797500A1EF64 /* Info.plist */ = {isa = PBXFileReference; lastKnownFileType = text.plist.xml; path = Info.plist; sourceTree = "<group>"; };
		356FAAD628F9797500A1EF64 /* remoteTests.xctest */ = {isa = PBXFileReference; explicitFileType = wrapper.cfbundle; includeInIndex = 0; path = remoteTests.xctest; sourceTree = BUILT_PRODUCTS_DIR; };
		356FAADA28F9797500A1EF64 /* remoteTests.swift */ = {isa = PBXFileReference; lastKnownFileType = sourcecode.swift; path = remoteTests.swift; sourceTree = "<group>"; };
		356FAAE028F9797500A1EF64 /* remoteUITests.xctest */ = {isa = PBXFileReference; explicitFileType = wrapper.cfbundle; includeInIndex = 0; path = remoteUITests.xctest; sourceTree = BUILT_PRODUCTS_DIR; };
		356FAAE428F9797500A1EF64 /* remoteUITests.swift */ = {isa = PBXFileReference; lastKnownFileType = sourcecode.swift; path = remoteUITests.swift; sourceTree = "<group>"; };
		356FAAE628F9797500A1EF64 /* remoteUITestsLaunchTests.swift */ = {isa = PBXFileReference; lastKnownFileType = sourcecode.swift; path = remoteUITestsLaunchTests.swift; sourceTree = "<group>"; };
/* End PBXFileReference section */

/* Begin PBXFrameworksBuildPhase section */
		356FAABD28F9797200A1EF64 /* Frameworks */ = {
			isa = PBXFrameworksBuildPhase;
			buildActionMask = 2147483647;
			files = (
			);
			runOnlyForDeploymentPostprocessing = 0;
		};
		356FAAD328F9797500A1EF64 /* Frameworks */ = {
			isa = PBXFrameworksBuildPhase;
			buildActionMask = 2147483647;
			files = (
			);
			runOnlyForDeploymentPostprocessing = 0;
		};
		356FAADD28F9797500A1EF64 /* Frameworks */ = {
			isa = PBXFrameworksBuildPhase;
			buildActionMask = 2147483647;
			files = (
			);
			runOnlyForDeploymentPostprocessing = 0;
		};
/* End PBXFrameworksBuildPhase section */

/* Begin PBXGroup section */
		356FAAB728F9797200A1EF64 = {
			isa = PBXGroup;
			children = (
				356FAAC228F9797200A1EF64 /* remote */,
				356FAAD928F9797500A1EF64 /* remoteTests */,
				356FAAE328F9797500A1EF64 /* remoteUITests */,
				356FAAC128F9797200A1EF64 /* Products */,
			);
			sourceTree = "<group>";
		};
		356FAAC128F9797200A1EF64 /* Products */ = {
			isa = PBXGroup;
			children = (
				356FAAC028F9797200A1EF64 /* remote.app */,
				356FAAD628F9797500A1EF64 /* remoteTests.xctest */,
				356FAAE028F9797500A1EF64 /* remoteUITests.xctest */,
			);
			name = Products;
			sourceTree = "<group>";
		};
		356FAAC228F9797200A1EF64 /* remote */ = {
			isa = PBXGroup;
			children = (
				356FAAC328F9797200A1EF64 /* AppDelegate.swift */,
				356FAAC528F9797200A1EF64 /* SceneDelegate.swift */,
				356FAAC728F9797200A1EF64 /* ViewController.swift */,
				356FAAC928F9797200A1EF64 /* Main.storyboard */,
				356FAACC28F9797500A1EF64 /* Assets.xcassets */,
				356FAACE28F9797500A1EF64 /* LaunchScreen.storyboard */,
				356FAAD128F9797500A1EF64 /* Info.plist */,
			);
			path = remote;
			sourceTree = "<group>";
		};
		356FAAD928F9797500A1EF64 /* remoteTests */ = {
			isa = PBXGroup;
			children = (
				356FAADA28F9797500A1EF64 /* remoteTests.swift */,
			);
			path = remoteTests;
			sourceTree = "<group>";
		};
		356FAAE328F9797500A1EF64 /* remoteUITests */ = {
			isa = PBXGroup;
			children = (
				356FAAE428F9797500A1EF64 /* remoteUITests.swift */,
				356FAAE628F9797500A1EF64 /* remoteUITestsLaunchTests.swift */,
			);
			path = remoteUITests;
			sourceTree = "<group>";
		};
/* End PBXGroup section */

/* Begin PBXNativeTarget section */
		356FAABF28F9797200A1EF64 /* remote */ = {
			isa = PBXNativeTarget;
			buildConfigurationList = 356FAAEA28F9797500A1EF64 /* Build configuration list for PBXNativeTarget "remote" */;
			buildPhases = (
				356FAABC28F9797200A1EF64 /* Sources */,
				356FAABD28F9797200A1EF64 /* Frameworks */,
				356FAABE28F9797200A1EF64 /* Resources */,
			);
			buildRules = (
			);
			dependencies = (
			);
			name = remote;
			productName = remote;
			productReference = 356FAAC028F9797200A1EF64 /* remote.app */;
			productType = "com.apple.product-type.application";
		};
		356FAAD528F9797500A1EF64 /* remoteTests */ = {
			isa = PBXNativeTarget;
			buildConfigurationList = 356FAAED28F9797500A1EF64 /* Build configuration list for PBXNativeTarget "remoteTests" */;
			buildPhases = (
				356FAAD228F9797500A1EF64 /* Sources */,
				356FAAD328F9797500A1EF64 /* Frameworks */,
				356FAAD428F9797500A1EF64 /* Resources */,
			);
			buildRules = (
			);
			dependencies = (
				356FAAD828F9797500A1EF64 /* PBXTargetDependency */,
			);
			name = remoteTests;
			productName = remoteTests;
			productReference = 356FAAD628F9797500A1EF64 /* remoteTests.xctest */;
			productType = "com.apple.product-type.bundle.unit-test";
		};
		356FAADF28F9797500A1EF64 /* remoteUITests */ = {
			isa = PBXNativeTarget;
			buildConfigurationList = 356FAAF028F9797500A1EF64 /* Build configuration list for PBXNativeTarget "remoteUITests" */;
			buildPhases = (
				356FAADC28F9797500A1EF64 /* Sources */,
				356FAADD28F9797500A1EF64 /* Frameworks */,
				356FAADE28F9797500A1EF64 /* Resources */,
			);
			buildRules = (
			);
			dependencies = (
				356FAAE228F9797500A1EF64 /* PBXTargetDependency */,
			);
			name = remoteUITests;
			productName = remoteUITests;
			productReference = 356FAAE028F9797500A1EF64 /* remoteUITests.xctest */;
			productType = "com.apple.product-type.bundle.ui-testing";
		};
/* End PBXNativeTarget section */

/* Begin PBXProject section */
		356FAAB828F9797200A1EF64 /* Project object */ = {
			isa = PBXProject;
			attributes = {
				BuildIndependentTargetsInParallel = 1;
				LastSwiftUpdateCheck = 1340;
				LastUpgradeCheck = 1340;
				TargetAttributes = {
					356FAABF28F9797200A1EF64 = {
						CreatedOnToolsVersion = 13.4.1;
					};
					356FAAD528F9797500A1EF64 = {
						CreatedOnToolsVersion = 13.4.1;
						TestTargetID = 356FAABF28F9797200A1EF64;
					};
					356FAADF28F9797500A1EF64 = {
						CreatedOnToolsVersion = 13.4.1;
						TestTargetID = 356FAABF28F9797200A1EF64;
					};
				};
			};
			buildConfigurationList = 356FAABB28F9797200A1EF64 /* Build configuration list for PBXProject "remote" */;
			compatibilityVersion = "Xcode 13.0";
			developmentRegion = en;
			hasScannedForEncodings = 0;
			knownRegions = (
				en,
				Base,
			);
			mainGroup = 356FAAB728F9797200A1EF64;
			productRefGroup = 356FAAC128F9797200A1EF64 /* Products */;
			projectDirPath = "";
			projectRoot = "";
			targets = (
				356FAABF28F9797200A1EF64 /* remote */,
				356FAAD528F9797500A1EF64 /* remoteTests */,
				356FAADF28F9797500A1EF64 /* remoteUITests */,
			);
		};
/* End PBXProject section */

/* Begin PBXResourcesBuildPhase section */
		356FAABE28F9797200A1EF64 /* Resources */ = {
			isa = PBXResourcesBuildPhase;
			buildActionMask = 2147483647;
			files = (
				356FAAD028F9797500A1EF64 /* LaunchScreen.storyboard in Resources */,
				356FAACD28F9797500A1EF64 /* Assets.xcassets in Resources */,
				356FAACB28F9797200A1EF64 /* Main.storyboard in Resources */,
			);
			runOnlyForDeploymentPostprocessing = 0;
		};
		356FAAD428F9797500A1EF64 /* Resources */ = {
			isa = PBXResourcesBuildPhase;
			buildActionMask = 2147483647;
			files = (
			);
			runOnlyForDeploymentPostprocessing = 0;
		};
		356FAADE28F9797500A1EF64 /* Resources */ = {
			isa = PBXResourcesBuildPhase;
			buildActionMask = 2147483647;
			files = (
			);
			runOnlyForDeploymentPostprocessing = 0;
		};
/* End PBXResourcesBuildPhase section */

/* Begin PBXSourcesBuildPhase section */
		356FAABC28F9797200A1EF64 /* Sources */ = {
			isa = PBXSourcesBuildPhase;
			buildActionMask = 2147483647;
			files = (
				356FAAC828F9797200A1EF64 /* ViewController.swift in Sources */,
				356FAAC428F9797200A1EF64 /* AppDelegate.swift in Sources */,
				356FAAC628F9797200A1EF64 /* SceneDelegate.swift in Sources */,
			);
			runOnlyForDeploymentPostprocessing = 0;
		};
		356FAAD228F9797500A1EF64 /* Sources */ = {
			isa = PBXSourcesBuildPhase;
			buildActionMask = 2147483647;
			files = (
				356FAADB28F9797500A1EF64 /* remoteTests.swift in Sources */,
			);
			runOnlyForDeploymentPostprocessing = 0;
		};
		356FAADC28F9797500A1EF64 /* Sources */ = {
			isa = PBXSourcesBuildPhase;
			buildActionMask = 2147483647;
			files = (
				356FAAE728F9797500A1EF64 /* remoteUITestsLaunchTests.swift in Sources */,
				356FAAE528F9797500A1EF64 /* remoteUITests.swift in Sources */,
			);
			runOnlyForDeploymentPostprocessing = 0;
		};
/* End PBXSourcesBuildPhase section */

/* Begin PBXTargetDependency section */
		356FAAD828F9797500A1EF64 /* PBXTargetDependency */ = {
			isa = PBXTargetDependency;
			target = 356FAABF28F9797200A1EF64 /* remote */;
			targetProxy = 356FAAD728F9797500A1EF64 /* PBXContainerItemProxy */;
		};
		356FAAE228F9797500A1EF64 /* PBXTargetDependency */ = {
			isa = PBXTargetDependency;
			target = 356FAABF28F9797200A1EF64 /* remote */;
			targetProxy = 356FAAE128F9797500A1EF64 /* PBXContainerItemProxy */;
		};
/* End PBXTargetDependency section */

/* Begin PBXVariantGroup section */
		356FAAC928F9797200A1EF64 /* Main.storyboard */ = {
			isa = PBXVariantGroup;
			children = (
				356FAACA28F9797200A1EF64 /* Base */,
			);
			name = Main.storyboard;
			sourceTree = "<group>";
		};
		356FAACE28F9797500A1EF64 /* LaunchScreen.storyboard */ = {
			isa = PBXVariantGroup;
			children = (
				356FAACF28F9797500A1EF64 /* Base */,
			);
			name = LaunchScreen.storyboard;
			sourceTree = "<group>";
		};
/* End PBXVariantGroup section */

/* Begin XCBuildConfiguration section */
		356FAAE828F9797500A1EF64 /* Debug */ = {
			isa = XCBuildConfiguration;
			buildSettings = {
				ALWAYS_SEARCH_USER_PATHS = NO;
				CLANG_ANALYZER_NONNULL = YES;
				CLANG_ANALYZER_NUMBER_OBJECT_CONVERSION = YES_AGGRESSIVE;
				CLANG_CXX_LANGUAGE_STANDARD = "gnu++17";
				CLANG_ENABLE_MODULES = YES;
				CLANG_ENABLE_OBJC_ARC = YES;
				CLANG_ENABLE_OBJC_WEAK = YES;
				CLANG_WARN_BLOCK_CAPTURE_AUTORELEASING = YES;
				CLANG_WARN_BOOL_CONVERSION = YES;
				CLANG_WARN_COMMA = YES;
				CLANG_WARN_CONSTANT_CONVERSION = YES;
				CLANG_WARN_DEPRECATED_OBJC_IMPLEMENTATIONS = YES;
				CLANG_WARN_DIRECT_OBJC_ISA_USAGE = YES_ERROR;
				CLANG_WARN_DOCUMENTATION_COMMENTS = YES;
				CLANG_WARN_EMPTY_BODY = YES;
				CLANG_WARN_ENUM_CONVERSION = YES;
				CLANG_WARN_INFINITE_RECURSION = YES;
				CLANG_WARN_INT_CONVERSION = YES;
				CLANG_WARN_NON_LITERAL_NULL_CONVERSION = YES;
				CLANG_WARN_OBJC_IMPLICIT_RETAIN_SELF = YES;
				CLANG_WARN_OBJC_LITERAL_CONVERSION = YES;
				CLANG_WARN_OBJC_ROOT_CLASS = YES_ERROR;
				CLANG_WARN_QUOTED_INCLUDE_IN_FRAMEWORK_HEADER = YES;
				CLANG_WARN_RANGE_LOOP_ANALYSIS = YES;
				CLANG_WARN_STRICT_PROTOTYPES = YES;
				CLANG_WARN_SUSPICIOUS_MOVE = YES;
				CLANG_WARN_UNGUARDED_AVAILABILITY = YES_AGGRESSIVE;
				CLANG_WARN_UNREACHABLE_CODE = YES;
				CLANG_WARN__DUPLICATE_METHOD_MATCH = YES;
				COPY_PHASE_STRIP = NO;
				DEBUG_INFORMATION_FORMAT = dwarf;
				ENABLE_STRICT_OBJC_MSGSEND = YES;
				ENABLE_TESTABILITY = YES;
				GCC_C_LANGUAGE_STANDARD = gnu11;
				GCC_DYNAMIC_NO_PIC = NO;
				GCC_NO_COMMON_BLOCKS = YES;
				GCC_OPTIMIZATION_LEVEL = 0;
				GCC_PREPROCESSOR_DEFINITIONS = (
					"DEBUG=1",
					"$(inherited)",
				);
				GCC_WARN_64_TO_32_BIT_CONVERSION = YES;
				GCC_WARN_ABOUT_RETURN_TYPE = YES_ERROR;
				GCC_WARN_UNDECLARED_SELECTOR = YES;
				GCC_WARN_UNINITIALIZED_AUTOS = YES_AGGRESSIVE;
				GCC_WARN_UNUSED_FUNCTION = YES;
				GCC_WARN_UNUSED_VARIABLE = YES;
				IPHONEOS_DEPLOYMENT_TARGET = 15.5;
				MTL_ENABLE_DEBUG_INFO = INCLUDE_SOURCE;
				MTL_FAST_MATH = YES;
				ONLY_ACTIVE_ARCH = YES;
				SDKROOT = iphoneos;
				SWIFT_ACTIVE_COMPILATION_CONDITIONS = DEBUG;
				SWIFT_OPTIMIZATION_LEVEL = "-Onone";
			};
			name = Debug;
		};
		356FAAE928F9797500A1EF64 /* Release */ = {
			isa = XCBuildConfiguration;
			buildSettings = {
				ALWAYS_SEARCH_USER_PATHS = NO;
				CLANG_ANALYZER_NONNULL = YES;
				CLANG_ANALYZER_NUMBER_OBJECT_CONVERSION = YES_AGGRESSIVE;
				CLANG_CXX_LANGUAGE_STANDARD = "gnu++17";
				CLANG_ENABLE_MODULES = YES;
				CLANG_ENABLE_OBJC_ARC = YES;
				CLANG_ENABLE_OBJC_WEAK = YES;
				CLANG_WARN_BLOCK_CAPTURE_AUTORELEASING = YES;
				CLANG_WARN_BOOL_CONVERSION = YES;
				CLANG_WARN_COMMA = YES;
				CLANG_WARN_CONSTANT_CONVERSION = YES;
				CLANG_WARN_DEPRECATED_OBJC_IMPLEMENTATIONS = YES;
				CLANG_WARN_DIRECT_OBJC_ISA_USAGE = YES_ERROR;
				CLANG_WARN_DOCUMENTATION_COMMENTS = YES;
				CLANG_WARN_EMPTY_BODY = YES;
				CLANG_WARN_ENUM_CONVERSION = YES;
				CLANG_WARN_INFINITE_RECURSION = YES;
				CLANG_WARN_INT_CONVERSION = YES;
				CLANG_WARN_NON_LITERAL_NULL_CONVERSION = YES;
				CLANG_WARN_OBJC_IMPLICIT_RETAIN_SELF = YES;
				CLANG_WARN_OBJC_LITERAL_CONVERSION = YES;
				CLANG_WARN_OBJC_ROOT_CLASS = YES_ERROR;
				CLANG_WARN_QUOTED_INCLUDE_IN_FRAMEWORK_HEADER = YES;
				CLANG_WARN_RANGE_LOOP_ANALYSIS = YES;
				CLANG_WARN_STRICT_PROTOTYPES = YES;
				CLANG_WARN_SUSPICIOUS_MOVE = YES;
				CLANG_WARN_UNGUARDED_AVAILABILITY = YES_AGGRESSIVE;
				CLANG_WARN_UNREACHABLE_CODE = YES;
				CLANG_WARN__DUPLICATE_METHOD_MATCH = YES;
				COPY_PHASE_STRIP = NO;
				DEBUG_INFORMATION_FORMAT = "dwarf-with-dsym";
				ENABLE_NS_ASSERTIONS = NO;
				ENABLE_STRICT_OBJC_MSGSEND = YES;
				GCC_C_LANGUAGE_STANDARD = gnu11;
				GCC_NO_COMMON_BLOCKS = YES;
				GCC_WARN_64_TO_32_BIT_CONVERSION = YES;
				GCC_WARN_ABOUT_RETURN_TYPE = YES_ERROR;
				GCC_WARN_UNDECLARED_SELECTOR = YES;
				GCC_WARN_UNINITIALIZED_AUTOS = YES_AGGRESSIVE;
				GCC_WARN_UNUSED_FUNCTION = YES;
				GCC_WARN_UNUSED_VARIABLE = YES;
				IPHONEOS_DEPLOYMENT_TARGET = 15.5;
				MTL_ENABLE_DEBUG_INFO = NO;
				MTL_FAST_MATH = YES;
				SDKROOT = iphoneos;
				SWIFT_COMPILATION_MODE = wholemodule;
				SWIFT_OPTIMIZATION_LEVEL = "-O";
				VALIDATE_PRODUCT = YES;
			};
			name = Release;
		};
		356FAAEB28F9797500A1EF64 /* Debug */ = {
			isa = XCBuildConfiguration;
			buildSettings = {
				ASSETCATALOG_COMPILER_APPICON_NAME = AppIcon;
				ASSETCATALOG_COMPILER_GLOBAL_ACCENT_COLOR_NAME = AccentColor;
				CODE_SIGN_STYLE = Automatic;
				CURRENT_PROJECT_VERSION = 1;
				GENERATE_INFOPLIST_FILE = YES;
				INFOPLIST_FILE = remote/Info.plist;
				INFOPLIST_KEY_UIApplicationSupportsIndirectInputEvents = YES;
				INFOPLIST_KEY_UILaunchStoryboardName = LaunchScreen;
				INFOPLIST_KEY_UIMainStoryboardFile = Main;
				INFOPLIST_KEY_UISupportedInterfaceOrientations_iPad = "UIInterfaceOrientationPortrait UIInterfaceOrientationPortraitUpsideDown UIInterfaceOrientationLandscapeLeft UIInterfaceOrientationLandscapeRight";
				INFOPLIST_KEY_UISupportedInterfaceOrientations_iPhone = "UIInterfaceOrientationPortrait UIInterfaceOrientationLandscapeLeft UIInterfaceOrientationLandscapeRight";
				LD_RUNPATH_SEARCH_PATHS = (
					"$(inherited)",
					"@executable_path/Frameworks",
				);
				MARKETING_VERSION = 1.0;
				PRODUCT_BUNDLE_IDENTIFIER = com.remote;
				PRODUCT_NAME = "$(TARGET_NAME)";
				SWIFT_EMIT_LOC_STRINGS = YES;
				SWIFT_VERSION = 5.0;
				TARGETED_DEVICE_FAMILY = "1,2";
			};
			name = Debug;
		};
		356FAAEC28F9797500A1EF64 /* Release */ = {
			isa = XCBuildConfiguration;
			buildSettings = {
				ASSETCATALOG_COMPILER_APPICON_NAME = AppIcon;
				ASSETCATALOG_COMPILER_GLOBAL_ACCENT_COLOR_NAME = AccentColor;
				CODE_SIGN_STYLE = Automatic;
				CURRENT_PROJECT_VERSION = 1;
				GENERATE_INFOPLIST_FILE = YES;
				INFOPLIST_FILE = remote/Info.plist;
				INFOPLIST_KEY_UIApplicationSupportsIndirectInputEvents = YES;
				INFOPLIST_KEY_UILaunchStoryboardName = LaunchScreen;
				INFOPLIST_KEY_UIMainStoryboardFile = Main;
				INFOPLIST_KEY_UISupportedInterfaceOrientations_iPad = "UIInterfaceOrientationPortrait UIInterfaceOrientationPortraitUpsideDown UIInterfaceOrientationLandscapeLeft UIInterfaceOrientationLandscapeRight";
				INFOPLIST_KEY_UISupportedInterfaceOrientations_iPhone = "UIInterfaceOrientationPortrait UIInterfaceOrientationLandscapeLeft UIInterfaceOrientationLandscapeRight";
				LD_RUNPATH_SEARCH_PATHS = (
					"$(inherited)",
					"@executable_path/Frameworks",
				);
				MARKETING_VERSION = 1.0;
				PRODUCT_BUNDLE_IDENTIFIER = com.remote;
				PRODUCT_NAME = "$(TARGET_NAME)";
				SWIFT_EMIT_LOC_STRINGS = YES;
				SWIFT_VERSION = 5.0;
				TARGETED_DEVICE_FAMILY = "1,2";
			};
			name = Release;
		};
		356FAAEE28F9797500A1EF64 /* Debug */ = {
			isa = XCBuildConfiguration;
			buildSettings = {
				ALWAYS_EMBED_SWIFT_STANDARD_LIBRARIES = YES;
				BUNDLE_LOADER = "$(TEST_HOST)";
				CODE_SIGN_STYLE = Automatic;
				CURRENT_PROJECT_VERSION = 1;
				GENERATE_INFOPLIST_FILE = YES;
				IPHONEOS_DEPLOYMENT_TARGET = 15.5;
				MARKETING_VERSION = 1.0;
				PRODUCT_BUNDLE_IDENTIFIER = com.remoteTests;
				PRODUCT_NAME = "$(TARGET_NAME)";
				SWIFT_EMIT_LOC_STRINGS = NO;
				SWIFT_VERSION = 5.0;
				TARGETED_DEVICE_FAMILY = "1,2";
				TEST_HOST = "$(BUILT_PRODUCTS_DIR)/remote.app/remote";
			};
			name = Debug;
		};
		356FAAEF28F9797500A1EF64 /* Release */ = {
			isa = XCBuildConfiguration;
			buildSettings = {
				ALWAYS_EMBED_SWIFT_STANDARD_LIBRARIES = YES;
				BUNDLE_LOADER = "$(TEST_HOST)";
				CODE_SIGN_STYLE = Automatic;
				CURRENT_PROJECT_VERSION = 1;
				GENERATE_INFOPLIST_FILE = YES;
				IPHONEOS_DEPLOYMENT_TARGET = 15.5;
				MARKETING_VERSION = 1.0;
				PRODUCT_BUNDLE_IDENTIFIER = com.remoteTests;
				PRODUCT_NAME = "$(TARGET_NAME)";
				SWIFT_EMIT_LOC_STRINGS = NO;
				SWIFT_VERSION = 5.0;
				TARGETED_DEVICE_FAMILY = "1,2";
				TEST_HOST = "$(BUILT_PRODUCTS_DIR)/remote.app/remote";
			};
			name = Release;
		};
		356FAAF128F9797500A1EF64 /* Debug */ = {
			isa = XCBuildConfiguration;
			buildSettings = {
				ALWAYS_EMBED_SWIFT_STANDARD_LIBRARIES = YES;
				CODE_SIGN_STYLE = Automatic;
				CURRENT_PROJECT_VERSION = 1;
				GENERATE_INFOPLIST_FILE = YES;
				MARKETING_VERSION = 1.0;
				PRODUCT_BUNDLE_IDENTIFIER = com.remoteUITests;
				PRODUCT_NAME = "$(TARGET_NAME)";
				SWIFT_EMIT_LOC_STRINGS = NO;
				SWIFT_VERSION = 5.0;
				TARGETED_DEVICE_FAMILY = "1,2";
				TEST_TARGET_NAME = remote;
			};
			name = Debug;
		};
		356FAAF228F9797500A1EF64 /* Release */ = {
			isa = XCBuildConfiguration;
			buildSettings = {
				ALWAYS_EMBED_SWIFT_STANDARD_LIBRARIES = YES;
				CODE_SIGN_STYLE = Automatic;
				CURRENT_PROJECT_VERSION = 1;
				GENERATE_INFOPLIST_FILE = YES;
				MARKETING_VERSION = 1.0;
				PRODUCT_BUNDLE_IDENTIFIER = com.remoteUITests;
				PRODUCT_NAME = "$(TARGET_NAME)";
				SWIFT_EMIT_LOC_STRINGS = NO;
				SWIFT_VERSION = 5.0;
				TARGETED_DEVICE_FAMILY = "1,2";
				TEST_TARGET_NAME = remote;
			};
			name = Release;
		};
/* End XCBuildConfiguration section */

/* Begin XCConfigurationList section */
		356FAABB28F9797200A1EF64 /* Build configuration list for PBXProject "remote" */ = {
			isa = XCConfigurationList;
			buildConfigurations = (
				356FAAE828F9797500A1EF64 /* Debug */,
				356FAAE928F9797500A1EF64 /* Release */,
			);
			defaultConfigurationIsVisible = 0;
			defaultConfigurationName = Release;
		};
		356FAAEA28F9797500A1EF64 /* Build configuration list for PBXNativeTarget "remote" */ = {
			isa = XCConfigurationList;
			buildConfigurations = (
				356FAAEB28F9797500A1EF64 /* Debug */,
				356FAAEC28F9797500A1EF64 /* Release */,
			);
			defaultConfigurationIsVisible = 0;
			defaultConfigurationName = Release;
		};
		356FAAED28F9797500A1EF64 /* Build configuration list for PBXNativeTarget "remoteTests" */ = {
			isa = XCConfigurationList;
			buildConfigurations = (
				356FAAEE28F9797500A1EF64 /* Debug */,
				356FAAEF28F9797500A1EF64 /* Release */,
			);
			defaultConfigurationIsVisible = 0;
			defaultConfigurationName = Release;
		};
		356FAAF028F9797500A1EF64 /* Build configuration list for PBXNativeTarget "remoteUITests" */ = {
			isa = XCConfigurationList;
			buildConfigurations = (
				356FAAF128F9797500A1EF64 /* Debug */,
				356FAAF228F9797500A1EF64 /* Release */,
			);
			defaultConfigurationIsVisible = 0;
			defaultConfigurationName = Release;
		};
/* End XCConfigurationList section */
	};
	rootObject = 356FAAB828F9797200A1EF64 /* Project object */;
}
